{
  "version": 4,
  "terraform_version": "1.11.4",
  "serial": 26,
  "lineage": "8e08e23c-4102-a248-300e-102f2b526c1c",
  "outputs": {},
  "resources": [
    {
      "module": "module.eks_cluster",
      "mode": "managed",
      "type": "aws_eks_cluster",
      "name": "this",
      "provider": "provider[\"registry.terraform.io/hashicorp/aws\"]",
      "instances": [
        {
          "schema_version": 1,
          "attributes": {
            "access_config": [
              {
                "authentication_mode": "CONFIG_MAP",
                "bootstrap_cluster_creator_admin_permissions": true
              }
            ],
            "arn": "arn:aws:eks:us-east-1:200096189420:cluster/my-test-cluster",
            "bootstrap_self_managed_addons": true,
            "certificate_authority": [
              {
                "data": "LS0tLS1CRUdJTiBDRVJUSUZJQ0FURS0tLS0tCk1JSURCVENDQWUyZ0F3SUJBZ0lJT2F2UFJpWERsQWN3RFFZSktvWklodmNOQVFFTEJRQXdGVEVUTUJFR0ExVUUKQXhNS2EzVmlaWEp1WlhSbGN6QWVGdzB5TlRBMU1USXhOVFEyTkRsYUZ3MHpOVEExTVRBeE5UVXhORGxhTUJVeApFekFSQmdOVkJBTVRDbXQxWW1WeWJtVjBaWE13Z2dFaU1BMEdDU3FHU0liM0RRRUJBUVVBQTRJQkR3QXdnZ0VLCkFvSUJBUUQySWhic2FGOVhtY3VnMUE3OHZ0eGxlR2MrL3dVOWpUVHNQbkc1NTh6dVRLTVllR2o3cXByaWpNemQKUndnaVRCd3hDSDNvV1FidHFCTCszSklESmhwVFYzMHZ4N3hmV1ptbWtZMVZueWhpNXJkMFhseFhnWWhtMThsTQpGc3V1d0JrNzZqYVp1bUYxZnJ5c1kzUmphZm5nb3NOT1pnSXpFakZFM0paaWkyT1lYZkIvbnF2aHZBN1ROMWpaClVpOEE5d0EvNFc0UW5nbEJVT05BRytMN094QStObFpOMnBNRmMzZ1pabDVyQnBlWmcrbytHWVhVeVMyNC9iUzEKYjNqMUhQSDdLMHZLbWpnOHl3aFJLejFneVJrZUJIMFpWak5YNHdNSEJIL2NKM3dIU2d2bDhVM1l3ZUVpOFI1MgpLS05PTnNlUGkybGljL0haTmJlM25sdlZwUTZsQWdNQkFBR2pXVEJYTUE0R0ExVWREd0VCL3dRRUF3SUNwREFQCkJnTlZIUk1CQWY4RUJUQURBUUgvTUIwR0ExVWREZ1FXQkJUclZjWlEwZnkvSUtWR2dReWlsZWQ0czlZRVV6QVYKQmdOVkhSRUVEakFNZ2dwcmRXSmxjbTVsZEdWek1BMEdDU3FHU0liM0RRRUJDd1VBQTRJQkFRQit0R0JSWmtyVQo5OVJvYlpweWNuc1ZCL240cjVHSG9NTW8yWittMUY4R1FTUmhGM3VjRW9xbjEwUzlEcTk2NUxYVS9KbkFSSVhNCjY1L0N6ZUhtUUt5bldzbW5ZLy9HY0tRRkIvSjA4R2FsSzltSjN5SE1QQzRXRjhDTzYyeWFvSXNzZFhVWnR2MGgKRWFDZHA5Qnd6UGVoUTM3bVpCMU8rbVd3TmR0RXN6U2doQzJLRGpSc3pMN0Q3dW4rL05nSllGNnlHQ1BXUnI0NwpkS1pQSnNSNVB3aU5IOXBydVBzY3BNVjliK3VDTG1zTG9KMVNzeUcyK0N0MUtkb0pwaVU4TW1iZklvc0I5UW03CkkwdGJZbDlXZE1Oc0p4Q0hsQUNhYU83UjhRNUUzOXdFTmt1OEFLUVZLYUJnT1BldERVWmRGS2phc0MrZXRJZ1MKcVkwMFZsYjRKaHpRCi0tLS0tRU5EIENFUlRJRklDQVRFLS0tLS0K"
              }
            ],
            "cluster_id": null,
            "compute_config": [],
            "created_at": "2025-05-12T15:46:58Z",
            "enabled_cluster_log_types": [
              "api",
              "audit",
              "authenticator",
              "controllerManager",
              "scheduler"
            ],
            "encryption_config": [
              {
                "provider": [
                  {
                    "key_arn": "arn:aws:kms:us-east-1:200096189420:key/17132220-1671-4f88-af91-b858e23dfe8d"
                  }
                ],
                "resources": [
                  "secrets"
                ]
              }
            ],
            "endpoint": "https://9336693D4D86739CC9D3C04F7D648494.gr7.us-east-1.eks.amazonaws.com",
            "force_update_version": null,
            "id": "my-test-cluster",
            "identity": [
              {
                "oidc": [
                  {
                    "issuer": "https://oidc.eks.us-east-1.amazonaws.com/id/9336693D4D86739CC9D3C04F7D648494"
                  }
                ]
              }
            ],
            "kubernetes_network_config": [
              {
                "elastic_load_balancing": [
                  {
                    "enabled": false
                  }
                ],
                "ip_family": "ipv4",
                "service_ipv4_cidr": "10.100.0.0/16",
                "service_ipv6_cidr": ""
              }
            ],
            "name": "my-test-cluster",
            "outpost_config": [],
            "platform_version": "eks.9",
            "remote_network_config": [],
            "role_arn": "arn:aws:iam::200096189420:role/my-test-cluster-cluster-role",
            "status": "ACTIVE",
            "storage_config": [],
            "tags": null,
            "tags_all": {},
            "timeouts": null,
            "upgrade_policy": [
              {
                "support_type": "EXTENDED"
              }
            ],
            "version": "1.32",
            "vpc_config": [
              {
                "cluster_security_group_id": "sg-01475a3de921758e7",
                "endpoint_private_access": true,
                "endpoint_public_access": false,
                "public_access_cidrs": [],
                "security_group_ids": [
                  "sg-05f5311fdee8d093a"
                ],
                "subnet_ids": [
                  "subnet-02036243b3d194e1a",
                  "subnet-031e4339c339c7888",
                  "subnet-0d9a38d6a5ed2b0d1"
                ],
                "vpc_id": "vpc-08d2584a4e90f2085"
              }
            ],
            "zonal_shift_config": []
          },
          "sensitive_attributes": [],
          "private": "eyJlMmJmYjczMC1lY2FhLTExZTYtOGY4OC0zNDM2M2JjN2M0YzAiOnsiY3JlYXRlIjoxODAwMDAwMDAwMDAwLCJkZWxldGUiOjkwMDAwMDAwMDAwMCwidXBkYXRlIjozNjAwMDAwMDAwMDAwfSwic2NoZW1hX3ZlcnNpb24iOiIxIn0=",
          "dependencies": [
            "module.eks_cluster.aws_iam_role.cluster",
            "module.eks_cluster.aws_kms_key.eks"
          ]
        }
      ]
    },
    {
      "module": "module.eks_cluster",
      "mode": "managed",
      "type": "aws_iam_role",
      "name": "cluster",
      "provider": "provider[\"registry.terraform.io/hashicorp/aws\"]",
      "instances": [
        {
          "schema_version": 0,
          "attributes": {
            "arn": "arn:aws:iam::200096189420:role/my-test-cluster-cluster-role",
            "assume_role_policy": "{\"Statement\":[{\"Action\":\"sts:AssumeRole\",\"Effect\":\"Allow\",\"Principal\":{\"Service\":\"eks.amazonaws.com\"}}],\"Version\":\"2012-10-17\"}",
            "create_date": "2025-05-12T15:46:48Z",
            "description": "",
            "force_detach_policies": false,
            "id": "my-test-cluster-cluster-role",
            "inline_policy": [],
            "managed_policy_arns": [],
            "max_session_duration": 3600,
            "name": "my-test-cluster-cluster-role",
            "name_prefix": "",
            "path": "/",
            "permissions_boundary": "",
            "tags": null,
            "tags_all": {},
            "unique_id": "AROAS5FVJRPWLSJRQZGSF"
          },
          "sensitive_attributes": [],
          "private": "bnVsbA=="
        }
      ]
    },
    {
      "module": "module.eks_cluster",
      "mode": "managed",
      "type": "aws_kms_key",
      "name": "eks",
      "provider": "provider[\"registry.terraform.io/hashicorp/aws\"]",
      "instances": [
        {
          "schema_version": 0,
          "attributes": {
            "arn": "arn:aws:kms:us-east-1:200096189420:key/17132220-1671-4f88-af91-b858e23dfe8d",
            "bypass_policy_lockout_safety_check": false,
            "custom_key_store_id": "",
            "customer_master_key_spec": "SYMMETRIC_DEFAULT",
            "deletion_window_in_days": 7,
            "description": "EKS Secret Encryption Key",
            "enable_key_rotation": true,
            "id": "17132220-1671-4f88-af91-b858e23dfe8d",
            "is_enabled": true,
            "key_id": "17132220-1671-4f88-af91-b858e23dfe8d",
            "key_usage": "ENCRYPT_DECRYPT",
            "multi_region": false,
            "policy": "{\"Id\":\"key-default-1\",\"Statement\":[{\"Action\":\"kms:*\",\"Effect\":\"Allow\",\"Principal\":{\"AWS\":\"arn:aws:iam::200096189420:root\"},\"Resource\":\"*\",\"Sid\":\"Enable IAM User Permissions\"}],\"Version\":\"2012-10-17\"}",
            "rotation_period_in_days": 365,
            "tags": null,
            "tags_all": {},
            "timeouts": null,
            "xks_key_id": ""
          },
          "sensitive_attributes": [],
          "private": "eyJlMmJmYjczMC1lY2FhLTExZTYtOGY4OC0zNDM2M2JjN2M0YzAiOnsiY3JlYXRlIjoxMjAwMDAwMDAwMDB9fQ=="
        }
      ]
    },
    {
      "module": "module.eks_cluster",
      "mode": "managed",
      "type": "aws_security_group",
      "name": "eks",
      "provider": "provider[\"registry.terraform.io/hashicorp/aws\"]",
      "instances": [
        {
          "schema_version": 1,
          "attributes": {
            "arn": "arn:aws:ec2:us-east-1:200096189420:security-group/sg-0560e6d21810ca2ef",
            "description": "Security group for EKS cluster my-test-cluster",
            "egress": [],
            "id": "sg-0560e6d21810ca2ef",
            "ingress": [],
            "name": "my-test-cluster-sg20250512154646595200000001",
            "name_prefix": "my-test-cluster-sg",
            "owner_id": "200096189420",
            "revoke_rules_on_delete": false,
            "tags": null,
            "tags_all": {},
            "timeouts": null,
            "vpc_id": "vpc-08d2584a4e90f2085"
          },
          "sensitive_attributes": [],
          "private": "eyJlMmJmYjczMC1lY2FhLTExZTYtOGY4OC0zNDM2M2JjN2M0YzAiOnsiY3JlYXRlIjo2MDAwMDAwMDAwMDAsImRlbGV0ZSI6OTAwMDAwMDAwMDAwfSwic2NoZW1hX3ZlcnNpb24iOiIxIn0="
        }
      ]
    }
  ],
  "check_results": null
}
